
Microsoft Visual Studio Solution File, Format Version 12.00
# Visual Studio 15
VisualStudioVersion = 15.0.28307.329
MinimumVisualStudioVersion = 10.0.40219.1
Project("{2150E333-8FDC-42A3-9474-1A3956D46DE8}") = "Application", "Application", "{08C10BC7-A030-47DD-A64D-087110AA049E}"
EndProject
Project("{2150E333-8FDC-42A3-9474-1A3956D46DE8}") = "Domain", "Domain", "{6AEB79B8-58AD-44CB-8020-4F7F3A2408D6}"
EndProject
Project("{2150E333-8FDC-42A3-9474-1A3956D46DE8}") = "Infra.IoC", "Infra.IoC", "{9DC46082-B12E-44FB-90C3-7F242F0902A8}"
EndProject
Project("{2150E333-8FDC-42A3-9474-1A3956D46DE8}") = "Infra.Data", "Infra.Data", "{0CA0490C-7248-4BBB-97EA-E53EA7BA09BE}"
EndProject
Project("{2150E333-8FDC-42A3-9474-1A3956D46DE8}") = "Presentation", "Presentation", "{8E4F0106-DE36-46F9-AA0A-02EB563112D6}"
EndProject
Project("{FAE04EC0-301F-11D3-BF4B-00C04F79EFBC}") = "CleanArch.Mvc", "CleanArch.Mvc\CleanArch.Mvc.csproj", "{A00AF81D-EC2A-452C-ABB1-8B5D473E2590}"
EndProject
Project("{FAE04EC0-301F-11D3-BF4B-00C04F79EFBC}") = "CleanArch.Domain", "CleanArch.Domain\CleanArch.Domain.csproj", "{3B258A18-5EC1-4D5F-8BA6-8165A227C341}"
EndProject
Global
	GlobalSection(SolutionConfigurationPlatforms) = preSolution
		Debug|Any CPU = Debug|Any CPU
		Release|Any CPU = Release|Any CPU
	EndGlobalSection
	GlobalSection(ProjectConfigurationPlatforms) = postSolution
		{A00AF81D-EC2A-452C-ABB1-8B5D473E2590}.Debug|Any CPU.ActiveCfg = Debug|Any CPU
		{A00AF81D-EC2A-452C-ABB1-8B5D473E2590}.Debug|Any CPU.Build.0 = Debug|Any CPU
		{A00AF81D-EC2A-452C-ABB1-8B5D473E2590}.Release|Any CPU.ActiveCfg = Release|Any CPU
		{A00AF81D-EC2A-452C-ABB1-8B5D473E2590}.Release|Any CPU.Build.0 = Release|Any CPU
		{3B258A18-5EC1-4D5F-8BA6-8165A227C341}.Debug|Any CPU.ActiveCfg = Debug|Any CPU
		{3B258A18-5EC1-4D5F-8BA6-8165A227C341}.Debug|Any CPU.Build.0 = Debug|Any CPU
		{3B258A18-5EC1-4D5F-8BA6-8165A227C341}.Release|Any CPU.ActiveCfg = Release|Any CPU
		{3B258A18-5EC1-4D5F-8BA6-8165A227C341}.Release|Any CPU.Build.0 = Release|Any CPU
	EndGlobalSection
	GlobalSection(SolutionProperties) = preSolution
		HideSolutionNode = FALSE
	EndGlobalSection
	GlobalSection(NestedProjects) = preSolution
		{A00AF81D-EC2A-452C-ABB1-8B5D473E2590} = {8E4F0106-DE36-46F9-AA0A-02EB563112D6}
		{3B258A18-5EC1-4D5F-8BA6-8165A227C341} = {6AEB79B8-58AD-44CB-8020-4F7F3A2408D6}
	EndGlobalSection
	GlobalSection(ExtensibilityGlobals) = postSolution
		SolutionGuid = {A8457180-48A1-43DE-83F7-0131E8A6F20C}
	EndGlobalSection
EndGlobal
